<?xml version="1.0" encoding="utf-8"?>
<Project ToolsVersion="4.0" xmlns="http://schemas.microsoft.com/developer/msbuild/2003">
  <ItemGroup>
    <Filter Include="Source Files">
      <UniqueIdentifier>{4FC737F1-C7A5-4376-A066-2A32D752A2FF}</UniqueIdentifier>
      <Extensions>cpp;c;cc;cxx;c++;cppm;ixx;def;odl;idl;hpj;bat;asm;asmx</Extensions>
    </Filter>
    <Filter Include="Header Files">
      <UniqueIdentifier>{93995380-89BD-4b04-88EB-625FBE52EBFB}</UniqueIdentifier>
      <Extensions>h;hh;hpp;hxx;h++;hm;inl;inc;ipp;xsd</Extensions>
    </Filter>
    <Filter Include="Resource Files">
      <UniqueIdentifier>{67DA6AB6-F800-4c08-8B7A-83BB121AAD01}</UniqueIdentifier>
      <Extensions>rc;ico;cur;bmp;dlg;rc2;rct;bin;rgs;gif;jpg;jpeg;jpe;resx;tiff;tif;png;wav;mfcribbon-ms</Extensions>
    </Filter>
    <Filter Include="Header Files\include">
      <UniqueIdentifier>{3b12fc9d-1487-4a96-b941-389a911587f0}</UniqueIdentifier>
    </Filter>
    <Filter Include="Header Files\include\simple_cpp_bcrypt">
      <UniqueIdentifier>{b5354345-f86e-45c9-93af-9e971f928295}</UniqueIdentifier>
    </Filter>
    <Filter Include="files">
      <UniqueIdentifier>{e06391bc-bb41-493f-a1fd-dd37ccb386b9}</UniqueIdentifier>
    </Filter>
  </ItemGroup>
  <ItemGroup>
    <ClCompile Include="..\..\..\src\tests\main_any_quick_test.c">
      <Filter>Source Files</Filter>
    </ClCompile>
    <ClCompile Include="..\..\..\src\core\simple_cpp_bcrypt_core_bcrypt.c">
      <Filter>Source Files</Filter>
    </ClCompile>
  </ItemGroup>
  <ItemGroup>
    <ClInclude Include="..\..\..\include\simple_cpp_bcrypt\export_symbols.h">
      <Filter>Header Files\include\simple_cpp_bcrypt</Filter>
    </ClInclude>
    <ClInclude Include="..\..\..\include\simple_cpp_bcrypt\bcrypt.h">
      <Filter>Header Files\include\simple_cpp_bcrypt</Filter>
    </ClInclude>
  </ItemGroup>
  <ItemGroup>
    <None Include="..\any_quick_test_mkfl\any_quick_test.unix.Makefile">
      <Filter>files</Filter>
    </None>
    <None Include="..\any_quick_test_qt\any_quick_test.pro">
      <Filter>files</Filter>
    </None>
  </ItemGroup>
</Project>